
Microsoft Visual Studio Solution File, Format Version 12.00
# Visual Studio Version 16
VisualStudioVersion = 16.0.29230.47
MinimumVisualStudioVersion = 10.0.40219.1
Project("{8BC9CEB8-8B4A-11D0-8D11-00A0C91BC942}") = "AutoRun", "Autorun\AutoRun.vcxproj", "{6461A304-D6B2-4874-8B97-4A76454A150F}"
EndProject
Project("{8BC9CEB8-8B4A-11D0-8D11-00A0C91BC942}") = "AutoRun2", "AutoRun2\AutoRun2.vcxproj", "{FA29D6F1-2D3F-4680-A4B3-11761B5B2D78}"
EndProject
Project("{8BC9CEB8-8B4A-11D0-8D11-00A0C91BC942}") = "ButeMgr", "..\libs\ButeMgr\ButeMgr.vcxproj", "{49342895-9518-4DD6-A220-64156B9CD23C}"
EndProject
Project("{8BC9CEB8-8B4A-11D0-8D11-00A0C91BC942}") = "ClientFxDLL", "ClientFxDLL\ClientFxDLL.vcxproj", "{F75BC4CF-9C59-4F34-8980-4DE88952B94C}"
EndProject
Project("{8BC9CEB8-8B4A-11D0-8D11-00A0C91BC942}") = "ClientRes", "ClientRes\TO2\ClientRes.vcxproj", "{D75ED753-D262-408F-AF29-842819D07602}"
EndProject
Project("{8BC9CEB8-8B4A-11D0-8D11-00A0C91BC942}") = "ClientShellDLL", "ClientShellDLL\TO2\ClientShellDLL.vcxproj", "{8A64EDFE-4E6E-4A76-BC74-A2CA899FE39A}"
EndProject
Project("{8BC9CEB8-8B4A-11D0-8D11-00A0C91BC942}") = "ClientShellShared", "CLIENTSHELLDLL\ClientShellShared\ClientShellShared.vcxproj", "{8B1AF9DB-5F2F-43DE-A820-D571706EDEBD}"
EndProject
Project("{8BC9CEB8-8B4A-11D0-8D11-00A0C91BC942}") = "CryptMgr", "..\libs\CryptMgr\cryptmgr.vcxproj", "{F4E2F9AE-03D9-43EA-9942-2DD7A7B51C85}"
EndProject
Project("{8BC9CEB8-8B4A-11D0-8D11-00A0C91BC942}") = "LTGUIMgr", "Libs\LTGUIMgr\ltguimgr60.vcxproj", "{E812816D-E826-4018-B2AB-FA5639DFDF7D}"
EndProject
Project("{8BC9CEB8-8B4A-11D0-8D11-00A0C91BC942}") = "Launcher", "Launcher\TO2\Launcher.vcxproj", "{93A60293-F6B3-4BD4-93C8-D0D41052BD88}"
EndProject
Project("{8BC9CEB8-8B4A-11D0-8D11-00A0C91BC942}") = "Lib_Lith", "..\libs\lith\Lib_Lith.vcxproj", "{57A70FE6-52BA-4FB0-AC9A-EF9CD902EE7F}"
EndProject
Project("{8BC9CEB8-8B4A-11D0-8D11-00A0C91BC942}") = "Lib_StdLith", "..\libs\stdlith\Lib_StdLith.vcxproj", "{01B17231-F45D-4739-BACB-88DD5B10FFCF}"
EndProject
Project("{8BC9CEB8-8B4A-11D0-8D11-00A0C91BC942}") = "MFCStub", "..\libs\MFCStub\MFCStub60.vcxproj", "{0A71BA62-873C-455E-88D9-69A91BDE638F}"
EndProject
Project("{8BC9CEB8-8B4A-11D0-8D11-00A0C91BC942}") = "Object", "ObjectDLL\TO2\Object.vcxproj", "{E31DAF1B-5AAF-494C-BAA0-FA39ADF5E42C}"
EndProject
Project("{8BC9CEB8-8B4A-11D0-8D11-00A0C91BC942}") = "ObjectShared", "ObjectDLL\ObjectShared\ObjectShared.vcxproj", "{021B2458-A52E-48A7-A922-4E0F1E1353B7}"
EndProject
Project("{8BC9CEB8-8B4A-11D0-8D11-00A0C91BC942}") = "RegMgr", "..\libs\RegMgr\regmgr60.vcxproj", "{43B3AAC3-5150-4FE9-953B-FBE44973E073}"
EndProject
Project("{8BC9CEB8-8B4A-11D0-8D11-00A0C91BC942}") = "ServerApp", "ServerApp\ServerApp.vcxproj", "{37AC5CF8-0F2A-466C-A07F-F103FAAD92F9}"
EndProject
Project("{8BC9CEB8-8B4A-11D0-8D11-00A0C91BC942}") = "ServerRes", "ServerRes\TO2\ServerRes.vcxproj", "{73F78987-A221-4D10-9E30-3AAA48D5456F}"
EndProject
Project("{8BC9CEB8-8B4A-11D0-8D11-00A0C91BC942}") = "regmgr32", "..\libs\RegMgr32\regmgr32.vcxproj", "{5FBAD433-E46A-4663-88EB-D85120169036}"
EndProject
Project("{8BC9CEB8-8B4A-11D0-8D11-00A0C91BC942}") = "Game", "game.vcxproj", "{F7B134DF-6619-4D1F-9615-90A17C280049}"
	ProjectSection(ProjectDependencies) = postProject
		{E31DAF1B-5AAF-494C-BAA0-FA39ADF5E42C} = {E31DAF1B-5AAF-494C-BAA0-FA39ADF5E42C}
		{D75ED753-D262-408F-AF29-842819D07602} = {D75ED753-D262-408F-AF29-842819D07602}
		{021B2458-A52E-48A7-A922-4E0F1E1353B7} = {021B2458-A52E-48A7-A922-4E0F1E1353B7}
		{73F78987-A221-4D10-9E30-3AAA48D5456F} = {73F78987-A221-4D10-9E30-3AAA48D5456F}
		{49342895-9518-4DD6-A220-64156B9CD23C} = {49342895-9518-4DD6-A220-64156B9CD23C}
		{F4E2F9AE-03D9-43EA-9942-2DD7A7B51C85} = {F4E2F9AE-03D9-43EA-9942-2DD7A7B51C85}
		{F75BC4CF-9C59-4F34-8980-4DE88952B94C} = {F75BC4CF-9C59-4F34-8980-4DE88952B94C}
		{8B1AF9DB-5F2F-43DE-A820-D571706EDEBD} = {8B1AF9DB-5F2F-43DE-A820-D571706EDEBD}
		{8A64EDFE-4E6E-4A76-BC74-A2CA899FE39A} = {8A64EDFE-4E6E-4A76-BC74-A2CA899FE39A}
	EndProjectSection
EndProject
Global
	GlobalSection(SolutionConfigurationPlatforms) = preSolution
		Debug MFC DLL|x86 = Debug MFC DLL|x86
		Debug|x86 = Debug|x86
		Final DE|x86 = Final DE|x86
		Final ES|x86 = Final ES|x86
		Final FR|x86 = Final FR|x86
		Final IT|x86 = Final IT|x86
		Final MFC DLL|x86 = Final MFC DLL|x86
		Final|x86 = Final|x86
		Release MFC DLL|x86 = Release MFC DLL|x86
		Release|x86 = Release|x86
		Template|x86 = Template|x86
	EndGlobalSection
	GlobalSection(ProjectConfigurationPlatforms) = postSolution
		{6461A304-D6B2-4874-8B97-4A76454A150F}.Debug MFC DLL|x86.ActiveCfg = Debug|Win32
		{6461A304-D6B2-4874-8B97-4A76454A150F}.Debug MFC DLL|x86.Build.0 = Debug|Win32
		{6461A304-D6B2-4874-8B97-4A76454A150F}.Debug|x86.ActiveCfg = Debug|Win32
		{6461A304-D6B2-4874-8B97-4A76454A150F}.Debug|x86.Build.0 = Debug|Win32
		{6461A304-D6B2-4874-8B97-4A76454A150F}.Final DE|x86.ActiveCfg = Final|Win32
		{6461A304-D6B2-4874-8B97-4A76454A150F}.Final DE|x86.Build.0 = Final|Win32
		{6461A304-D6B2-4874-8B97-4A76454A150F}.Final ES|x86.ActiveCfg = Final|Win32
		{6461A304-D6B2-4874-8B97-4A76454A150F}.Final ES|x86.Build.0 = Final|Win32
		{6461A304-D6B2-4874-8B97-4A76454A150F}.Final FR|x86.ActiveCfg = Final|Win32
		{6461A304-D6B2-4874-8B97-4A76454A150F}.Final FR|x86.Build.0 = Final|Win32
		{6461A304-D6B2-4874-8B97-4A76454A150F}.Final IT|x86.ActiveCfg = Final|Win32
		{6461A304-D6B2-4874-8B97-4A76454A150F}.Final IT|x86.Build.0 = Final|Win32
		{6461A304-D6B2-4874-8B97-4A76454A150F}.Final MFC DLL|x86.ActiveCfg = Final|Win32
		{6461A304-D6B2-4874-8B97-4A76454A150F}.Final MFC DLL|x86.Build.0 = Final|Win32
		{6461A304-D6B2-4874-8B97-4A76454A150F}.Final|x86.ActiveCfg = Final|Win32
		{6461A304-D6B2-4874-8B97-4A76454A150F}.Final|x86.Build.0 = Final|Win32
		{6461A304-D6B2-4874-8B97-4A76454A150F}.Release MFC DLL|x86.ActiveCfg = Release|Win32
		{6461A304-D6B2-4874-8B97-4A76454A150F}.Release MFC DLL|x86.Build.0 = Release|Win32
		{6461A304-D6B2-4874-8B97-4A76454A150F}.Release|x86.ActiveCfg = Release|Win32
		{6461A304-D6B2-4874-8B97-4A76454A150F}.Release|x86.Build.0 = Release|Win32
		{6461A304-D6B2-4874-8B97-4A76454A150F}.Template|x86.ActiveCfg = Release|Win32
		{6461A304-D6B2-4874-8B97-4A76454A150F}.Template|x86.Build.0 = Release|Win32
		{FA29D6F1-2D3F-4680-A4B3-11761B5B2D78}.Debug MFC DLL|x86.ActiveCfg = Debug|Win32
		{FA29D6F1-2D3F-4680-A4B3-11761B5B2D78}.Debug MFC DLL|x86.Build.0 = Debug|Win32
		{FA29D6F1-2D3F-4680-A4B3-11761B5B2D78}.Debug|x86.ActiveCfg = Debug|Win32
		{FA29D6F1-2D3F-4680-A4B3-11761B5B2D78}.Debug|x86.Build.0 = Debug|Win32
		{FA29D6F1-2D3F-4680-A4B3-11761B5B2D78}.Final DE|x86.ActiveCfg = Final|Win32
		{FA29D6F1-2D3F-4680-A4B3-11761B5B2D78}.Final DE|x86.Build.0 = Final|Win32
		{FA29D6F1-2D3F-4680-A4B3-11761B5B2D78}.Final ES|x86.ActiveCfg = Final|Win32
		{FA29D6F1-2D3F-4680-A4B3-11761B5B2D78}.Final ES|x86.Build.0 = Final|Win32
		{FA29D6F1-2D3F-4680-A4B3-11761B5B2D78}.Final FR|x86.ActiveCfg = Final|Win32
		{FA29D6F1-2D3F-4680-A4B3-11761B5B2D78}.Final FR|x86.Build.0 = Final|Win32
		{FA29D6F1-2D3F-4680-A4B3-11761B5B2D78}.Final IT|x86.ActiveCfg = Final|Win32
		{FA29D6F1-2D3F-4680-A4B3-11761B5B2D78}.Final IT|x86.Build.0 = Final|Win32
		{FA29D6F1-2D3F-4680-A4B3-11761B5B2D78}.Final MFC DLL|x86.ActiveCfg = Final|Win32
		{FA29D6F1-2D3F-4680-A4B3-11761B5B2D78}.Final MFC DLL|x86.Build.0 = Final|Win32
		{FA29D6F1-2D3F-4680-A4B3-11761B5B2D78}.Final|x86.ActiveCfg = Final|Win32
		{FA29D6F1-2D3F-4680-A4B3-11761B5B2D78}.Final|x86.Build.0 = Final|Win32
		{FA29D6F1-2D3F-4680-A4B3-11761B5B2D78}.Release MFC DLL|x86.ActiveCfg = Release|Win32
		{FA29D6F1-2D3F-4680-A4B3-11761B5B2D78}.Release MFC DLL|x86.Build.0 = Release|Win32
		{FA29D6F1-2D3F-4680-A4B3-11761B5B2D78}.Release|x86.ActiveCfg = Release|Win32
		{FA29D6F1-2D3F-4680-A4B3-11761B5B2D78}.Release|x86.Build.0 = Release|Win32
		{FA29D6F1-2D3F-4680-A4B3-11761B5B2D78}.Template|x86.ActiveCfg = Template|Win32
		{FA29D6F1-2D3F-4680-A4B3-11761B5B2D78}.Template|x86.Build.0 = Template|Win32
		{49342895-9518-4DD6-A220-64156B9CD23C}.Debug MFC DLL|x86.ActiveCfg = Debug MFC DLL|Win32
		{49342895-9518-4DD6-A220-64156B9CD23C}.Debug MFC DLL|x86.Build.0 = Debug MFC DLL|Win32
		{49342895-9518-4DD6-A220-64156B9CD23C}.Debug|x86.ActiveCfg = Debug|Win32
		{49342895-9518-4DD6-A220-64156B9CD23C}.Debug|x86.Build.0 = Debug|Win32
		{49342895-9518-4DD6-A220-64156B9CD23C}.Final DE|x86.ActiveCfg = Final MFC DLL|Win32
		{49342895-9518-4DD6-A220-64156B9CD23C}.Final DE|x86.Build.0 = Final MFC DLL|Win32
		{49342895-9518-4DD6-A220-64156B9CD23C}.Final ES|x86.ActiveCfg = Final MFC DLL|Win32
		{49342895-9518-4DD6-A220-64156B9CD23C}.Final ES|x86.Build.0 = Final MFC DLL|Win32
		{49342895-9518-4DD6-A220-64156B9CD23C}.Final FR|x86.ActiveCfg = Final MFC DLL|Win32
		{49342895-9518-4DD6-A220-64156B9CD23C}.Final FR|x86.Build.0 = Final MFC DLL|Win32
		{49342895-9518-4DD6-A220-64156B9CD23C}.Final IT|x86.ActiveCfg = Final MFC DLL|Win32
		{49342895-9518-4DD6-A220-64156B9CD23C}.Final IT|x86.Build.0 = Final MFC DLL|Win32
		{49342895-9518-4DD6-A220-64156B9CD23C}.Final MFC DLL|x86.ActiveCfg = Final MFC DLL|Win32
		{49342895-9518-4DD6-A220-64156B9CD23C}.Final MFC DLL|x86.Build.0 = Final MFC DLL|Win32
		{49342895-9518-4DD6-A220-64156B9CD23C}.Final|x86.ActiveCfg = Final|Win32
		{49342895-9518-4DD6-A220-64156B9CD23C}.Final|x86.Build.0 = Final|Win32
		{49342895-9518-4DD6-A220-64156B9CD23C}.Release MFC DLL|x86.ActiveCfg = Release MFC DLL|Win32
		{49342895-9518-4DD6-A220-64156B9CD23C}.Release MFC DLL|x86.Build.0 = Release MFC DLL|Win32
		{49342895-9518-4DD6-A220-64156B9CD23C}.Release|x86.ActiveCfg = Release|Win32
		{49342895-9518-4DD6-A220-64156B9CD23C}.Release|x86.Build.0 = Release|Win32
		{49342895-9518-4DD6-A220-64156B9CD23C}.Template|x86.ActiveCfg = Release MFC DLL|Win32
		{49342895-9518-4DD6-A220-64156B9CD23C}.Template|x86.Build.0 = Release MFC DLL|Win32
		{F75BC4CF-9C59-4F34-8980-4DE88952B94C}.Debug MFC DLL|x86.ActiveCfg = Debug|Win32
		{F75BC4CF-9C59-4F34-8980-4DE88952B94C}.Debug MFC DLL|x86.Build.0 = Debug|Win32
		{F75BC4CF-9C59-4F34-8980-4DE88952B94C}.Debug|x86.ActiveCfg = Debug|Win32
		{F75BC4CF-9C59-4F34-8980-4DE88952B94C}.Debug|x86.Build.0 = Debug|Win32
		{F75BC4CF-9C59-4F34-8980-4DE88952B94C}.Final DE|x86.ActiveCfg = Final|Win32
		{F75BC4CF-9C59-4F34-8980-4DE88952B94C}.Final DE|x86.Build.0 = Final|Win32
		{F75BC4CF-9C59-4F34-8980-4DE88952B94C}.Final ES|x86.ActiveCfg = Final|Win32
		{F75BC4CF-9C59-4F34-8980-4DE88952B94C}.Final ES|x86.Build.0 = Final|Win32
		{F75BC4CF-9C59-4F34-8980-4DE88952B94C}.Final FR|x86.ActiveCfg = Final|Win32
		{F75BC4CF-9C59-4F34-8980-4DE88952B94C}.Final FR|x86.Build.0 = Final|Win32
		{F75BC4CF-9C59-4F34-8980-4DE88952B94C}.Final IT|x86.ActiveCfg = Final|Win32
		{F75BC4CF-9C59-4F34-8980-4DE88952B94C}.Final IT|x86.Build.0 = Final|Win32
		{F75BC4CF-9C59-4F34-8980-4DE88952B94C}.Final MFC DLL|x86.ActiveCfg = Final|Win32
		{F75BC4CF-9C59-4F34-8980-4DE88952B94C}.Final MFC DLL|x86.Build.0 = Final|Win32
		{F75BC4CF-9C59-4F34-8980-4DE88952B94C}.Final|x86.ActiveCfg = Final|Win32
		{F75BC4CF-9C59-4F34-8980-4DE88952B94C}.Final|x86.Build.0 = Final|Win32
		{F75BC4CF-9C59-4F34-8980-4DE88952B94C}.Release MFC DLL|x86.ActiveCfg = Release|Win32
		{F75BC4CF-9C59-4F34-8980-4DE88952B94C}.Release MFC DLL|x86.Build.0 = Release|Win32
		{F75BC4CF-9C59-4F34-8980-4DE88952B94C}.Release|x86.ActiveCfg = Release|Win32
		{F75BC4CF-9C59-4F34-8980-4DE88952B94C}.Release|x86.Build.0 = Release|Win32
		{F75BC4CF-9C59-4F34-8980-4DE88952B94C}.Template|x86.ActiveCfg = Template|Win32
		{F75BC4CF-9C59-4F34-8980-4DE88952B94C}.Template|x86.Build.0 = Template|Win32
		{D75ED753-D262-408F-AF29-842819D07602}.Debug MFC DLL|x86.ActiveCfg = Debug|Win32
		{D75ED753-D262-408F-AF29-842819D07602}.Debug MFC DLL|x86.Build.0 = Debug|Win32
		{D75ED753-D262-408F-AF29-842819D07602}.Debug|x86.ActiveCfg = Debug|Win32
		{D75ED753-D262-408F-AF29-842819D07602}.Debug|x86.Build.0 = Debug|Win32
		{D75ED753-D262-408F-AF29-842819D07602}.Final DE|x86.ActiveCfg = Final DE|Win32
		{D75ED753-D262-408F-AF29-842819D07602}.Final DE|x86.Build.0 = Final DE|Win32
		{D75ED753-D262-408F-AF29-842819D07602}.Final ES|x86.ActiveCfg = Final ES|Win32
		{D75ED753-D262-408F-AF29-842819D07602}.Final ES|x86.Build.0 = Final ES|Win32
		{D75ED753-D262-408F-AF29-842819D07602}.Final FR|x86.ActiveCfg = Final FR|Win32
		{D75ED753-D262-408F-AF29-842819D07602}.Final FR|x86.Build.0 = Final FR|Win32
		{D75ED753-D262-408F-AF29-842819D07602}.Final IT|x86.ActiveCfg = Final IT|Win32
		{D75ED753-D262-408F-AF29-842819D07602}.Final IT|x86.Build.0 = Final IT|Win32
		{D75ED753-D262-408F-AF29-842819D07602}.Final MFC DLL|x86.ActiveCfg = Final ES|Win32
		{D75ED753-D262-408F-AF29-842819D07602}.Final MFC DLL|x86.Build.0 = Final ES|Win32
		{D75ED753-D262-408F-AF29-842819D07602}.Final|x86.ActiveCfg = Final|Win32
		{D75ED753-D262-408F-AF29-842819D07602}.Final|x86.Build.0 = Final|Win32
		{D75ED753-D262-408F-AF29-842819D07602}.Release MFC DLL|x86.ActiveCfg = Release|Win32
		{D75ED753-D262-408F-AF29-842819D07602}.Release MFC DLL|x86.Build.0 = Release|Win32
		{D75ED753-D262-408F-AF29-842819D07602}.Release|x86.ActiveCfg = Release|Win32
		{D75ED753-D262-408F-AF29-842819D07602}.Release|x86.Build.0 = Release|Win32
		{D75ED753-D262-408F-AF29-842819D07602}.Template|x86.ActiveCfg = Template|Win32
		{D75ED753-D262-408F-AF29-842819D07602}.Template|x86.Build.0 = Template|Win32
		{8A64EDFE-4E6E-4A76-BC74-A2CA899FE39A}.Debug MFC DLL|x86.ActiveCfg = Debug|Win32
		{8A64EDFE-4E6E-4A76-BC74-A2CA899FE39A}.Debug MFC DLL|x86.Build.0 = Debug|Win32
		{8A64EDFE-4E6E-4A76-BC74-A2CA899FE39A}.Debug|x86.ActiveCfg = Debug|Win32
		{8A64EDFE-4E6E-4A76-BC74-A2CA899FE39A}.Debug|x86.Build.0 = Debug|Win32
		{8A64EDFE-4E6E-4A76-BC74-A2CA899FE39A}.Final DE|x86.ActiveCfg = Final|Win32
		{8A64EDFE-4E6E-4A76-BC74-A2CA899FE39A}.Final DE|x86.Build.0 = Final|Win32
		{8A64EDFE-4E6E-4A76-BC74-A2CA899FE39A}.Final ES|x86.ActiveCfg = Final|Win32
		{8A64EDFE-4E6E-4A76-BC74-A2CA899FE39A}.Final ES|x86.Build.0 = Final|Win32
		{8A64EDFE-4E6E-4A76-BC74-A2CA899FE39A}.Final FR|x86.ActiveCfg = Final|Win32
		{8A64EDFE-4E6E-4A76-BC74-A2CA899FE39A}.Final FR|x86.Build.0 = Final|Win32
		{8A64EDFE-4E6E-4A76-BC74-A2CA899FE39A}.Final IT|x86.ActiveCfg = Final|Win32
		{8A64EDFE-4E6E-4A76-BC74-A2CA899FE39A}.Final IT|x86.Build.0 = Final|Win32
		{8A64EDFE-4E6E-4A76-BC74-A2CA899FE39A}.Final MFC DLL|x86.ActiveCfg = Final|Win32
		{8A64EDFE-4E6E-4A76-BC74-A2CA899FE39A}.Final MFC DLL|x86.Build.0 = Final|Win32
		{8A64EDFE-4E6E-4A76-BC74-A2CA899FE39A}.Final|x86.ActiveCfg = Final|Win32
		{8A64EDFE-4E6E-4A76-BC74-A2CA899FE39A}.Final|x86.Build.0 = Final|Win32
		{8A64EDFE-4E6E-4A76-BC74-A2CA899FE39A}.Release MFC DLL|x86.ActiveCfg = Release|Win32
		{8A64EDFE-4E6E-4A76-BC74-A2CA899FE39A}.Release MFC DLL|x86.Build.0 = Release|Win32
		{8A64EDFE-4E6E-4A76-BC74-A2CA899FE39A}.Release|x86.ActiveCfg = Release|Win32
		{8A64EDFE-4E6E-4A76-BC74-A2CA899FE39A}.Release|x86.Build.0 = Release|Win32
		{8A64EDFE-4E6E-4A76-BC74-A2CA899FE39A}.Template|x86.ActiveCfg = Template|Win32
		{8A64EDFE-4E6E-4A76-BC74-A2CA899FE39A}.Template|x86.Build.0 = Template|Win32
		{8B1AF9DB-5F2F-43DE-A820-D571706EDEBD}.Debug MFC DLL|x86.ActiveCfg = Debug|Win32
		{8B1AF9DB-5F2F-43DE-A820-D571706EDEBD}.Debug MFC DLL|x86.Build.0 = Debug|Win32
		{8B1AF9DB-5F2F-43DE-A820-D571706EDEBD}.Debug|x86.ActiveCfg = Debug|Win32
		{8B1AF9DB-5F2F-43DE-A820-D571706EDEBD}.Debug|x86.Build.0 = Debug|Win32
		{8B1AF9DB-5F2F-43DE-A820-D571706EDEBD}.Final DE|x86.ActiveCfg = Final|Win32
		{8B1AF9DB-5F2F-43DE-A820-D571706EDEBD}.Final DE|x86.Build.0 = Final|Win32
		{8B1AF9DB-5F2F-43DE-A820-D571706EDEBD}.Final ES|x86.ActiveCfg = Final|Win32
		{8B1AF9DB-5F2F-43DE-A820-D571706EDEBD}.Final ES|x86.Build.0 = Final|Win32
		{8B1AF9DB-5F2F-43DE-A820-D571706EDEBD}.Final FR|x86.ActiveCfg = Final|Win32
		{8B1AF9DB-5F2F-43DE-A820-D571706EDEBD}.Final FR|x86.Build.0 = Final|Win32
		{8B1AF9DB-5F2F-43DE-A820-D571706EDEBD}.Final IT|x86.ActiveCfg = Final|Win32
		{8B1AF9DB-5F2F-43DE-A820-D571706EDEBD}.Final IT|x86.Build.0 = Final|Win32
		{8B1AF9DB-5F2F-43DE-A820-D571706EDEBD}.Final MFC DLL|x86.ActiveCfg = Final|Win32
		{8B1AF9DB-5F2F-43DE-A820-D571706EDEBD}.Final MFC DLL|x86.Build.0 = Final|Win32
		{8B1AF9DB-5F2F-43DE-A820-D571706EDEBD}.Final|x86.ActiveCfg = Final|Win32
		{8B1AF9DB-5F2F-43DE-A820-D571706EDEBD}.Final|x86.Build.0 = Final|Win32
		{8B1AF9DB-5F2F-43DE-A820-D571706EDEBD}.Release MFC DLL|x86.ActiveCfg = Release|Win32
		{8B1AF9DB-5F2F-43DE-A820-D571706EDEBD}.Release MFC DLL|x86.Build.0 = Release|Win32
		{8B1AF9DB-5F2F-43DE-A820-D571706EDEBD}.Release|x86.ActiveCfg = Release|Win32
		{8B1AF9DB-5F2F-43DE-A820-D571706EDEBD}.Release|x86.Build.0 = Release|Win32
		{8B1AF9DB-5F2F-43DE-A820-D571706EDEBD}.Template|x86.ActiveCfg = Template|Win32
		{8B1AF9DB-5F2F-43DE-A820-D571706EDEBD}.Template|x86.Build.0 = Template|Win32
		{F4E2F9AE-03D9-43EA-9942-2DD7A7B51C85}.Debug MFC DLL|x86.ActiveCfg = Debug MFC DLL|Win32
		{F4E2F9AE-03D9-43EA-9942-2DD7A7B51C85}.Debug MFC DLL|x86.Build.0 = Debug MFC DLL|Win32
		{F4E2F9AE-03D9-43EA-9942-2DD7A7B51C85}.Debug|x86.ActiveCfg = Debug|Win32
		{F4E2F9AE-03D9-43EA-9942-2DD7A7B51C85}.Debug|x86.Build.0 = Debug|Win32
		{F4E2F9AE-03D9-43EA-9942-2DD7A7B51C85}.Final DE|x86.ActiveCfg = Final MFC DLL|Win32
		{F4E2F9AE-03D9-43EA-9942-2DD7A7B51C85}.Final DE|x86.Build.0 = Final MFC DLL|Win32
		{F4E2F9AE-03D9-43EA-9942-2DD7A7B51C85}.Final ES|x86.ActiveCfg = Final MFC DLL|Win32
		{F4E2F9AE-03D9-43EA-9942-2DD7A7B51C85}.Final ES|x86.Build.0 = Final MFC DLL|Win32
		{F4E2F9AE-03D9-43EA-9942-2DD7A7B51C85}.Final FR|x86.ActiveCfg = Final MFC DLL|Win32
		{F4E2F9AE-03D9-43EA-9942-2DD7A7B51C85}.Final FR|x86.Build.0 = Final MFC DLL|Win32
		{F4E2F9AE-03D9-43EA-9942-2DD7A7B51C85}.Final IT|x86.ActiveCfg = Final MFC DLL|Win32
		{F4E2F9AE-03D9-43EA-9942-2DD7A7B51C85}.Final IT|x86.Build.0 = Final MFC DLL|Win32
		{F4E2F9AE-03D9-43EA-9942-2DD7A7B51C85}.Final MFC DLL|x86.ActiveCfg = Final MFC DLL|Win32
		{F4E2F9AE-03D9-43EA-9942-2DD7A7B51C85}.Final MFC DLL|x86.Build.0 = Final MFC DLL|Win32
		{F4E2F9AE-03D9-43EA-9942-2DD7A7B51C85}.Final|x86.ActiveCfg = Final|Win32
		{F4E2F9AE-03D9-43EA-9942-2DD7A7B51C85}.Final|x86.Build.0 = Final|Win32
		{F4E2F9AE-03D9-43EA-9942-2DD7A7B51C85}.Release MFC DLL|x86.ActiveCfg = Release MFC DLL|Win32
		{F4E2F9AE-03D9-43EA-9942-2DD7A7B51C85}.Release MFC DLL|x86.Build.0 = Release MFC DLL|Win32
		{F4E2F9AE-03D9-43EA-9942-2DD7A7B51C85}.Release|x86.ActiveCfg = Release|Win32
		{F4E2F9AE-03D9-43EA-9942-2DD7A7B51C85}.Release|x86.Build.0 = Release|Win32
		{F4E2F9AE-03D9-43EA-9942-2DD7A7B51C85}.Template|x86.ActiveCfg = Template|Win32
		{F4E2F9AE-03D9-43EA-9942-2DD7A7B51C85}.Template|x86.Build.0 = Template|Win32
		{E812816D-E826-4018-B2AB-FA5639DFDF7D}.Debug MFC DLL|x86.ActiveCfg = Debug|Win32
		{E812816D-E826-4018-B2AB-FA5639DFDF7D}.Debug MFC DLL|x86.Build.0 = Debug|Win32
		{E812816D-E826-4018-B2AB-FA5639DFDF7D}.Debug|x86.ActiveCfg = Debug|Win32
		{E812816D-E826-4018-B2AB-FA5639DFDF7D}.Debug|x86.Build.0 = Debug|Win32
		{E812816D-E826-4018-B2AB-FA5639DFDF7D}.Final DE|x86.ActiveCfg = Final|Win32
		{E812816D-E826-4018-B2AB-FA5639DFDF7D}.Final DE|x86.Build.0 = Final|Win32
		{E812816D-E826-4018-B2AB-FA5639DFDF7D}.Final ES|x86.ActiveCfg = Final|Win32
		{E812816D-E826-4018-B2AB-FA5639DFDF7D}.Final ES|x86.Build.0 = Final|Win32
		{E812816D-E826-4018-B2AB-FA5639DFDF7D}.Final FR|x86.ActiveCfg = Final|Win32
		{E812816D-E826-4018-B2AB-FA5639DFDF7D}.Final FR|x86.Build.0 = Final|Win32
		{E812816D-E826-4018-B2AB-FA5639DFDF7D}.Final IT|x86.ActiveCfg = Final|Win32
		{E812816D-E826-4018-B2AB-FA5639DFDF7D}.Final IT|x86.Build.0 = Final|Win32
		{E812816D-E826-4018-B2AB-FA5639DFDF7D}.Final MFC DLL|x86.ActiveCfg = Final|Win32
		{E812816D-E826-4018-B2AB-FA5639DFDF7D}.Final MFC DLL|x86.Build.0 = Final|Win32
		{E812816D-E826-4018-B2AB-FA5639DFDF7D}.Final|x86.ActiveCfg = Final|Win32
		{E812816D-E826-4018-B2AB-FA5639DFDF7D}.Final|x86.Build.0 = Final|Win32
		{E812816D-E826-4018-B2AB-FA5639DFDF7D}.Release MFC DLL|x86.ActiveCfg = Release|Win32
		{E812816D-E826-4018-B2AB-FA5639DFDF7D}.Release MFC DLL|x86.Build.0 = Release|Win32
		{E812816D-E826-4018-B2AB-FA5639DFDF7D}.Release|x86.ActiveCfg = Release|Win32
		{E812816D-E826-4018-B2AB-FA5639DFDF7D}.Release|x86.Build.0 = Release|Win32
		{E812816D-E826-4018-B2AB-FA5639DFDF7D}.Template|x86.ActiveCfg = Template|Win32
		{E812816D-E826-4018-B2AB-FA5639DFDF7D}.Template|x86.Build.0 = Template|Win32
		{93A60293-F6B3-4BD4-93C8-D0D41052BD88}.Debug MFC DLL|x86.ActiveCfg = Debug|Win32
		{93A60293-F6B3-4BD4-93C8-D0D41052BD88}.Debug MFC DLL|x86.Build.0 = Debug|Win32
		{93A60293-F6B3-4BD4-93C8-D0D41052BD88}.Debug|x86.ActiveCfg = Debug|Win32
		{93A60293-F6B3-4BD4-93C8-D0D41052BD88}.Debug|x86.Build.0 = Debug|Win32
		{93A60293-F6B3-4BD4-93C8-D0D41052BD88}.Final DE|x86.ActiveCfg = Final DE|Win32
		{93A60293-F6B3-4BD4-93C8-D0D41052BD88}.Final DE|x86.Build.0 = Final DE|Win32
		{93A60293-F6B3-4BD4-93C8-D0D41052BD88}.Final ES|x86.ActiveCfg = Final ES|Win32
		{93A60293-F6B3-4BD4-93C8-D0D41052BD88}.Final ES|x86.Build.0 = Final ES|Win32
		{93A60293-F6B3-4BD4-93C8-D0D41052BD88}.Final FR|x86.ActiveCfg = Final FR|Win32
		{93A60293-F6B3-4BD4-93C8-D0D41052BD88}.Final FR|x86.Build.0 = Final FR|Win32
		{93A60293-F6B3-4BD4-93C8-D0D41052BD88}.Final IT|x86.ActiveCfg = Final IT|Win32
		{93A60293-F6B3-4BD4-93C8-D0D41052BD88}.Final IT|x86.Build.0 = Final IT|Win32
		{93A60293-F6B3-4BD4-93C8-D0D41052BD88}.Final MFC DLL|x86.ActiveCfg = Final ES|Win32
		{93A60293-F6B3-4BD4-93C8-D0D41052BD88}.Final MFC DLL|x86.Build.0 = Final ES|Win32
		{93A60293-F6B3-4BD4-93C8-D0D41052BD88}.Final|x86.ActiveCfg = Final|Win32
		{93A60293-F6B3-4BD4-93C8-D0D41052BD88}.Final|x86.Build.0 = Final|Win32
		{93A60293-F6B3-4BD4-93C8-D0D41052BD88}.Release MFC DLL|x86.ActiveCfg = Release|Win32
		{93A60293-F6B3-4BD4-93C8-D0D41052BD88}.Release MFC DLL|x86.Build.0 = Release|Win32
		{93A60293-F6B3-4BD4-93C8-D0D41052BD88}.Release|x86.ActiveCfg = Release|Win32
		{93A60293-F6B3-4BD4-93C8-D0D41052BD88}.Release|x86.Build.0 = Release|Win32
		{93A60293-F6B3-4BD4-93C8-D0D41052BD88}.Template|x86.ActiveCfg = Template|Win32
		{93A60293-F6B3-4BD4-93C8-D0D41052BD88}.Template|x86.Build.0 = Template|Win32
		{57A70FE6-52BA-4FB0-AC9A-EF9CD902EE7F}.Debug MFC DLL|x86.ActiveCfg = Debug|Win32
		{57A70FE6-52BA-4FB0-AC9A-EF9CD902EE7F}.Debug MFC DLL|x86.Build.0 = Debug|Win32
		{57A70FE6-52BA-4FB0-AC9A-EF9CD902EE7F}.Debug|x86.ActiveCfg = Debug|Win32
		{57A70FE6-52BA-4FB0-AC9A-EF9CD902EE7F}.Debug|x86.Build.0 = Debug|Win32
		{57A70FE6-52BA-4FB0-AC9A-EF9CD902EE7F}.Final DE|x86.ActiveCfg = Final|Win32
		{57A70FE6-52BA-4FB0-AC9A-EF9CD902EE7F}.Final DE|x86.Build.0 = Final|Win32
		{57A70FE6-52BA-4FB0-AC9A-EF9CD902EE7F}.Final ES|x86.ActiveCfg = Final|Win32
		{57A70FE6-52BA-4FB0-AC9A-EF9CD902EE7F}.Final ES|x86.Build.0 = Final|Win32
		{57A70FE6-52BA-4FB0-AC9A-EF9CD902EE7F}.Final FR|x86.ActiveCfg = Final|Win32
		{57A70FE6-52BA-4FB0-AC9A-EF9CD902EE7F}.Final FR|x86.Build.0 = Final|Win32
		{57A70FE6-52BA-4FB0-AC9A-EF9CD902EE7F}.Final IT|x86.ActiveCfg = Final|Win32
		{57A70FE6-52BA-4FB0-AC9A-EF9CD902EE7F}.Final IT|x86.Build.0 = Final|Win32
		{57A70FE6-52BA-4FB0-AC9A-EF9CD902EE7F}.Final MFC DLL|x86.ActiveCfg = Final|Win32
		{57A70FE6-52BA-4FB0-AC9A-EF9CD902EE7F}.Final MFC DLL|x86.Build.0 = Final|Win32
		{57A70FE6-52BA-4FB0-AC9A-EF9CD902EE7F}.Final|x86.ActiveCfg = Final|Win32
		{57A70FE6-52BA-4FB0-AC9A-EF9CD902EE7F}.Final|x86.Build.0 = Final|Win32
		{57A70FE6-52BA-4FB0-AC9A-EF9CD902EE7F}.Release MFC DLL|x86.ActiveCfg = Release|Win32
		{57A70FE6-52BA-4FB0-AC9A-EF9CD902EE7F}.Release MFC DLL|x86.Build.0 = Release|Win32
		{57A70FE6-52BA-4FB0-AC9A-EF9CD902EE7F}.Release|x86.ActiveCfg = Release|Win32
		{57A70FE6-52BA-4FB0-AC9A-EF9CD902EE7F}.Release|x86.Build.0 = Release|Win32
		{57A70FE6-52BA-4FB0-AC9A-EF9CD902EE7F}.Template|x86.ActiveCfg = Template|Win32
		{57A70FE6-52BA-4FB0-AC9A-EF9CD902EE7F}.Template|x86.Build.0 = Template|Win32
		{01B17231-F45D-4739-BACB-88DD5B10FFCF}.Debug MFC DLL|x86.ActiveCfg = Debug|Win32
		{01B17231-F45D-4739-BACB-88DD5B10FFCF}.Debug MFC DLL|x86.Build.0 = Debug|Win32
		{01B17231-F45D-4739-BACB-88DD5B10FFCF}.Debug|x86.ActiveCfg = Debug|Win32
		{01B17231-F45D-4739-BACB-88DD5B10FFCF}.Debug|x86.Build.0 = Debug|Win32
		{01B17231-F45D-4739-BACB-88DD5B10FFCF}.Final DE|x86.ActiveCfg = Final|Win32
		{01B17231-F45D-4739-BACB-88DD5B10FFCF}.Final DE|x86.Build.0 = Final|Win32
		{01B17231-F45D-4739-BACB-88DD5B10FFCF}.Final ES|x86.ActiveCfg = Final|Win32
		{01B17231-F45D-4739-BACB-88DD5B10FFCF}.Final ES|x86.Build.0 = Final|Win32
		{01B17231-F45D-4739-BACB-88DD5B10FFCF}.Final FR|x86.ActiveCfg = Final|Win32
		{01B17231-F45D-4739-BACB-88DD5B10FFCF}.Final FR|x86.Build.0 = Final|Win32
		{01B17231-F45D-4739-BACB-88DD5B10FFCF}.Final IT|x86.ActiveCfg = Final|Win32
		{01B17231-F45D-4739-BACB-88DD5B10FFCF}.Final IT|x86.Build.0 = Final|Win32
		{01B17231-F45D-4739-BACB-88DD5B10FFCF}.Final MFC DLL|x86.ActiveCfg = Final|Win32
		{01B17231-F45D-4739-BACB-88DD5B10FFCF}.Final MFC DLL|x86.Build.0 = Final|Win32
		{01B17231-F45D-4739-BACB-88DD5B10FFCF}.Final|x86.ActiveCfg = Final|Win32
		{01B17231-F45D-4739-BACB-88DD5B10FFCF}.Final|x86.Build.0 = Final|Win32
		{01B17231-F45D-4739-BACB-88DD5B10FFCF}.Release MFC DLL|x86.ActiveCfg = Release|Win32
		{01B17231-F45D-4739-BACB-88DD5B10FFCF}.Release MFC DLL|x86.Build.0 = Release|Win32
		{01B17231-F45D-4739-BACB-88DD5B10FFCF}.Release|x86.ActiveCfg = Release|Win32
		{01B17231-F45D-4739-BACB-88DD5B10FFCF}.Release|x86.Build.0 = Release|Win32
		{01B17231-F45D-4739-BACB-88DD5B10FFCF}.Template|x86.ActiveCfg = Template|Win32
		{01B17231-F45D-4739-BACB-88DD5B10FFCF}.Template|x86.Build.0 = Template|Win32
		{0A71BA62-873C-455E-88D9-69A91BDE638F}.Debug MFC DLL|x86.ActiveCfg = Debug|Win32
		{0A71BA62-873C-455E-88D9-69A91BDE638F}.Debug MFC DLL|x86.Build.0 = Debug|Win32
		{0A71BA62-873C-455E-88D9-69A91BDE638F}.Debug|x86.ActiveCfg = Debug|Win32
		{0A71BA62-873C-455E-88D9-69A91BDE638F}.Debug|x86.Build.0 = Debug|Win32
		{0A71BA62-873C-455E-88D9-69A91BDE638F}.Final DE|x86.ActiveCfg = Final|Win32
		{0A71BA62-873C-455E-88D9-69A91BDE638F}.Final DE|x86.Build.0 = Final|Win32
		{0A71BA62-873C-455E-88D9-69A91BDE638F}.Final ES|x86.ActiveCfg = Final|Win32
		{0A71BA62-873C-455E-88D9-69A91BDE638F}.Final ES|x86.Build.0 = Final|Win32
		{0A71BA62-873C-455E-88D9-69A91BDE638F}.Final FR|x86.ActiveCfg = Final|Win32
		{0A71BA62-873C-455E-88D9-69A91BDE638F}.Final FR|x86.Build.0 = Final|Win32
		{0A71BA62-873C-455E-88D9-69A91BDE638F}.Final IT|x86.ActiveCfg = Final|Win32
		{0A71BA62-873C-455E-88D9-69A91BDE638F}.Final IT|x86.Build.0 = Final|Win32
		{0A71BA62-873C-455E-88D9-69A91BDE638F}.Final MFC DLL|x86.ActiveCfg = Final|Win32
		{0A71BA62-873C-455E-88D9-69A91BDE638F}.Final MFC DLL|x86.Build.0 = Final|Win32
		{0A71BA62-873C-455E-88D9-69A91BDE638F}.Final|x86.ActiveCfg = Final|Win32
		{0A71BA62-873C-455E-88D9-69A91BDE638F}.Final|x86.Build.0 = Final|Win32
		{0A71BA62-873C-455E-88D9-69A91BDE638F}.Release MFC DLL|x86.ActiveCfg = Release|Win32
		{0A71BA62-873C-455E-88D9-69A91BDE638F}.Release MFC DLL|x86.Build.0 = Release|Win32
		{0A71BA62-873C-455E-88D9-69A91BDE638F}.Release|x86.ActiveCfg = Release|Win32
		{0A71BA62-873C-455E-88D9-69A91BDE638F}.Release|x86.Build.0 = Release|Win32
		{0A71BA62-873C-455E-88D9-69A91BDE638F}.Template|x86.ActiveCfg = Template|Win32
		{0A71BA62-873C-455E-88D9-69A91BDE638F}.Template|x86.Build.0 = Template|Win32
		{E31DAF1B-5AAF-494C-BAA0-FA39ADF5E42C}.Debug MFC DLL|x86.ActiveCfg = Debug|Win32
		{E31DAF1B-5AAF-494C-BAA0-FA39ADF5E42C}.Debug MFC DLL|x86.Build.0 = Debug|Win32
		{E31DAF1B-5AAF-494C-BAA0-FA39ADF5E42C}.Debug|x86.ActiveCfg = Debug|Win32
		{E31DAF1B-5AAF-494C-BAA0-FA39ADF5E42C}.Debug|x86.Build.0 = Debug|Win32
		{E31DAF1B-5AAF-494C-BAA0-FA39ADF5E42C}.Final DE|x86.ActiveCfg = Final|Win32
		{E31DAF1B-5AAF-494C-BAA0-FA39ADF5E42C}.Final DE|x86.Build.0 = Final|Win32
		{E31DAF1B-5AAF-494C-BAA0-FA39ADF5E42C}.Final ES|x86.ActiveCfg = Final|Win32
		{E31DAF1B-5AAF-494C-BAA0-FA39ADF5E42C}.Final ES|x86.Build.0 = Final|Win32
		{E31DAF1B-5AAF-494C-BAA0-FA39ADF5E42C}.Final FR|x86.ActiveCfg = Final|Win32
		{E31DAF1B-5AAF-494C-BAA0-FA39ADF5E42C}.Final FR|x86.Build.0 = Final|Win32
		{E31DAF1B-5AAF-494C-BAA0-FA39ADF5E42C}.Final IT|x86.ActiveCfg = Final|Win32
		{E31DAF1B-5AAF-494C-BAA0-FA39ADF5E42C}.Final IT|x86.Build.0 = Final|Win32
		{E31DAF1B-5AAF-494C-BAA0-FA39ADF5E42C}.Final MFC DLL|x86.ActiveCfg = Final|Win32
		{E31DAF1B-5AAF-494C-BAA0-FA39ADF5E42C}.Final MFC DLL|x86.Build.0 = Final|Win32
		{E31DAF1B-5AAF-494C-BAA0-FA39ADF5E42C}.Final|x86.ActiveCfg = Final|Win32
		{E31DAF1B-5AAF-494C-BAA0-FA39ADF5E42C}.Final|x86.Build.0 = Final|Win32
		{E31DAF1B-5AAF-494C-BAA0-FA39ADF5E42C}.Release MFC DLL|x86.ActiveCfg = Release|Win32
		{E31DAF1B-5AAF-494C-BAA0-FA39ADF5E42C}.Release MFC DLL|x86.Build.0 = Release|Win32
		{E31DAF1B-5AAF-494C-BAA0-FA39ADF5E42C}.Release|x86.ActiveCfg = Release|Win32
		{E31DAF1B-5AAF-494C-BAA0-FA39ADF5E42C}.Release|x86.Build.0 = Release|Win32
		{E31DAF1B-5AAF-494C-BAA0-FA39ADF5E42C}.Template|x86.ActiveCfg = Template|Win32
		{E31DAF1B-5AAF-494C-BAA0-FA39ADF5E42C}.Template|x86.Build.0 = Template|Win32
		{021B2458-A52E-48A7-A922-4E0F1E1353B7}.Debug MFC DLL|x86.ActiveCfg = Debug|Win32
		{021B2458-A52E-48A7-A922-4E0F1E1353B7}.Debug MFC DLL|x86.Build.0 = Debug|Win32
		{021B2458-A52E-48A7-A922-4E0F1E1353B7}.Debug|x86.ActiveCfg = Debug|Win32
		{021B2458-A52E-48A7-A922-4E0F1E1353B7}.Debug|x86.Build.0 = Debug|Win32
		{021B2458-A52E-48A7-A922-4E0F1E1353B7}.Final DE|x86.ActiveCfg = Final|Win32
		{021B2458-A52E-48A7-A922-4E0F1E1353B7}.Final DE|x86.Build.0 = Final|Win32
		{021B2458-A52E-48A7-A922-4E0F1E1353B7}.Final ES|x86.ActiveCfg = Final|Win32
		{021B2458-A52E-48A7-A922-4E0F1E1353B7}.Final ES|x86.Build.0 = Final|Win32
		{021B2458-A52E-48A7-A922-4E0F1E1353B7}.Final FR|x86.ActiveCfg = Final|Win32
		{021B2458-A52E-48A7-A922-4E0F1E1353B7}.Final FR|x86.Build.0 = Final|Win32
		{021B2458-A52E-48A7-A922-4E0F1E1353B7}.Final IT|x86.ActiveCfg = Final|Win32
		{021B2458-A52E-48A7-A922-4E0F1E1353B7}.Final IT|x86.Build.0 = Final|Win32
		{021B2458-A52E-48A7-A922-4E0F1E1353B7}.Final MFC DLL|x86.ActiveCfg = Final|Win32
		{021B2458-A52E-48A7-A922-4E0F1E1353B7}.Final MFC DLL|x86.Build.0 = Final|Win32
		{021B2458-A52E-48A7-A922-4E0F1E1353B7}.Final|x86.ActiveCfg = Final|Win32
		{021B2458-A52E-48A7-A922-4E0F1E1353B7}.Final|x86.Build.0 = Final|Win32
		{021B2458-A52E-48A7-A922-4E0F1E1353B7}.Release MFC DLL|x86.ActiveCfg = Release|Win32
		{021B2458-A52E-48A7-A922-4E0F1E1353B7}.Release MFC DLL|x86.Build.0 = Release|Win32
		{021B2458-A52E-48A7-A922-4E0F1E1353B7}.Release|x86.ActiveCfg = Release|Win32
		{021B2458-A52E-48A7-A922-4E0F1E1353B7}.Release|x86.Build.0 = Release|Win32
		{021B2458-A52E-48A7-A922-4E0F1E1353B7}.Template|x86.ActiveCfg = Template|Win32
		{021B2458-A52E-48A7-A922-4E0F1E1353B7}.Template|x86.Build.0 = Template|Win32
		{43B3AAC3-5150-4FE9-953B-FBE44973E073}.Debug MFC DLL|x86.ActiveCfg = Debug|Win32
		{43B3AAC3-5150-4FE9-953B-FBE44973E073}.Debug MFC DLL|x86.Build.0 = Debug|Win32
		{43B3AAC3-5150-4FE9-953B-FBE44973E073}.Debug|x86.ActiveCfg = Debug|Win32
		{43B3AAC3-5150-4FE9-953B-FBE44973E073}.Debug|x86.Build.0 = Debug|Win32
		{43B3AAC3-5150-4FE9-953B-FBE44973E073}.Final DE|x86.ActiveCfg = Final|Win32
		{43B3AAC3-5150-4FE9-953B-FBE44973E073}.Final DE|x86.Build.0 = Final|Win32
		{43B3AAC3-5150-4FE9-953B-FBE44973E073}.Final ES|x86.ActiveCfg = Final|Win32
		{43B3AAC3-5150-4FE9-953B-FBE44973E073}.Final ES|x86.Build.0 = Final|Win32
		{43B3AAC3-5150-4FE9-953B-FBE44973E073}.Final FR|x86.ActiveCfg = Final|Win32
		{43B3AAC3-5150-4FE9-953B-FBE44973E073}.Final FR|x86.Build.0 = Final|Win32
		{43B3AAC3-5150-4FE9-953B-FBE44973E073}.Final IT|x86.ActiveCfg = Final|Win32
		{43B3AAC3-5150-4FE9-953B-FBE44973E073}.Final IT|x86.Build.0 = Final|Win32
		{43B3AAC3-5150-4FE9-953B-FBE44973E073}.Final MFC DLL|x86.ActiveCfg = Final|Win32
		{43B3AAC3-5150-4FE9-953B-FBE44973E073}.Final MFC DLL|x86.Build.0 = Final|Win32
		{43B3AAC3-5150-4FE9-953B-FBE44973E073}.Final|x86.ActiveCfg = Final|Win32
		{43B3AAC3-5150-4FE9-953B-FBE44973E073}.Final|x86.Build.0 = Final|Win32
		{43B3AAC3-5150-4FE9-953B-FBE44973E073}.Release MFC DLL|x86.ActiveCfg = Release|Win32
		{43B3AAC3-5150-4FE9-953B-FBE44973E073}.Release MFC DLL|x86.Build.0 = Release|Win32
		{43B3AAC3-5150-4FE9-953B-FBE44973E073}.Release|x86.ActiveCfg = Release|Win32
		{43B3AAC3-5150-4FE9-953B-FBE44973E073}.Release|x86.Build.0 = Release|Win32
		{43B3AAC3-5150-4FE9-953B-FBE44973E073}.Template|x86.ActiveCfg = Template|Win32
		{43B3AAC3-5150-4FE9-953B-FBE44973E073}.Template|x86.Build.0 = Template|Win32
		{37AC5CF8-0F2A-466C-A07F-F103FAAD92F9}.Debug MFC DLL|x86.ActiveCfg = Debug|Win32
		{37AC5CF8-0F2A-466C-A07F-F103FAAD92F9}.Debug MFC DLL|x86.Build.0 = Debug|Win32
		{37AC5CF8-0F2A-466C-A07F-F103FAAD92F9}.Debug|x86.ActiveCfg = Debug|Win32
		{37AC5CF8-0F2A-466C-A07F-F103FAAD92F9}.Debug|x86.Build.0 = Debug|Win32
		{37AC5CF8-0F2A-466C-A07F-F103FAAD92F9}.Final DE|x86.ActiveCfg = Final DE|Win32
		{37AC5CF8-0F2A-466C-A07F-F103FAAD92F9}.Final DE|x86.Build.0 = Final DE|Win32
		{37AC5CF8-0F2A-466C-A07F-F103FAAD92F9}.Final ES|x86.ActiveCfg = Final ES|Win32
		{37AC5CF8-0F2A-466C-A07F-F103FAAD92F9}.Final ES|x86.Build.0 = Final ES|Win32
		{37AC5CF8-0F2A-466C-A07F-F103FAAD92F9}.Final FR|x86.ActiveCfg = Final FR|Win32
		{37AC5CF8-0F2A-466C-A07F-F103FAAD92F9}.Final FR|x86.Build.0 = Final FR|Win32
		{37AC5CF8-0F2A-466C-A07F-F103FAAD92F9}.Final IT|x86.ActiveCfg = Final IT|Win32
		{37AC5CF8-0F2A-466C-A07F-F103FAAD92F9}.Final IT|x86.Build.0 = Final IT|Win32
		{37AC5CF8-0F2A-466C-A07F-F103FAAD92F9}.Final MFC DLL|x86.ActiveCfg = Final ES|Win32
		{37AC5CF8-0F2A-466C-A07F-F103FAAD92F9}.Final MFC DLL|x86.Build.0 = Final ES|Win32
		{37AC5CF8-0F2A-466C-A07F-F103FAAD92F9}.Final|x86.ActiveCfg = Final|Win32
		{37AC5CF8-0F2A-466C-A07F-F103FAAD92F9}.Final|x86.Build.0 = Final|Win32
		{37AC5CF8-0F2A-466C-A07F-F103FAAD92F9}.Release MFC DLL|x86.ActiveCfg = Release|Win32
		{37AC5CF8-0F2A-466C-A07F-F103FAAD92F9}.Release MFC DLL|x86.Build.0 = Release|Win32
		{37AC5CF8-0F2A-466C-A07F-F103FAAD92F9}.Release|x86.ActiveCfg = Release|Win32
		{37AC5CF8-0F2A-466C-A07F-F103FAAD92F9}.Release|x86.Build.0 = Release|Win32
		{37AC5CF8-0F2A-466C-A07F-F103FAAD92F9}.Template|x86.ActiveCfg = Template|Win32
		{37AC5CF8-0F2A-466C-A07F-F103FAAD92F9}.Template|x86.Build.0 = Template|Win32
		{73F78987-A221-4D10-9E30-3AAA48D5456F}.Debug MFC DLL|x86.ActiveCfg = Debug|Win32
		{73F78987-A221-4D10-9E30-3AAA48D5456F}.Debug MFC DLL|x86.Build.0 = Debug|Win32
		{73F78987-A221-4D10-9E30-3AAA48D5456F}.Debug|x86.ActiveCfg = Debug|Win32
		{73F78987-A221-4D10-9E30-3AAA48D5456F}.Debug|x86.Build.0 = Debug|Win32
		{73F78987-A221-4D10-9E30-3AAA48D5456F}.Final DE|x86.ActiveCfg = Final|Win32
		{73F78987-A221-4D10-9E30-3AAA48D5456F}.Final DE|x86.Build.0 = Final|Win32
		{73F78987-A221-4D10-9E30-3AAA48D5456F}.Final ES|x86.ActiveCfg = Final|Win32
		{73F78987-A221-4D10-9E30-3AAA48D5456F}.Final ES|x86.Build.0 = Final|Win32
		{73F78987-A221-4D10-9E30-3AAA48D5456F}.Final FR|x86.ActiveCfg = Final|Win32
		{73F78987-A221-4D10-9E30-3AAA48D5456F}.Final FR|x86.Build.0 = Final|Win32
		{73F78987-A221-4D10-9E30-3AAA48D5456F}.Final IT|x86.ActiveCfg = Final|Win32
		{73F78987-A221-4D10-9E30-3AAA48D5456F}.Final IT|x86.Build.0 = Final|Win32
		{73F78987-A221-4D10-9E30-3AAA48D5456F}.Final MFC DLL|x86.ActiveCfg = Final|Win32
		{73F78987-A221-4D10-9E30-3AAA48D5456F}.Final MFC DLL|x86.Build.0 = Final|Win32
		{73F78987-A221-4D10-9E30-3AAA48D5456F}.Final|x86.ActiveCfg = Final|Win32
		{73F78987-A221-4D10-9E30-3AAA48D5456F}.Final|x86.Build.0 = Final|Win32
		{73F78987-A221-4D10-9E30-3AAA48D5456F}.Release MFC DLL|x86.ActiveCfg = Release|Win32
		{73F78987-A221-4D10-9E30-3AAA48D5456F}.Release MFC DLL|x86.Build.0 = Release|Win32
		{73F78987-A221-4D10-9E30-3AAA48D5456F}.Release|x86.ActiveCfg = Release|Win32
		{73F78987-A221-4D10-9E30-3AAA48D5456F}.Release|x86.Build.0 = Release|Win32
		{73F78987-A221-4D10-9E30-3AAA48D5456F}.Template|x86.ActiveCfg = Template|Win32
		{73F78987-A221-4D10-9E30-3AAA48D5456F}.Template|x86.Build.0 = Template|Win32
		{5FBAD433-E46A-4663-88EB-D85120169036}.Debug MFC DLL|x86.ActiveCfg = Debug|Win32
		{5FBAD433-E46A-4663-88EB-D85120169036}.Debug MFC DLL|x86.Build.0 = Debug|Win32
		{5FBAD433-E46A-4663-88EB-D85120169036}.Debug|x86.ActiveCfg = Debug|Win32
		{5FBAD433-E46A-4663-88EB-D85120169036}.Debug|x86.Build.0 = Debug|Win32
		{5FBAD433-E46A-4663-88EB-D85120169036}.Final DE|x86.ActiveCfg = Final|Win32
		{5FBAD433-E46A-4663-88EB-D85120169036}.Final DE|x86.Build.0 = Final|Win32
		{5FBAD433-E46A-4663-88EB-D85120169036}.Final ES|x86.ActiveCfg = Final|Win32
		{5FBAD433-E46A-4663-88EB-D85120169036}.Final ES|x86.Build.0 = Final|Win32
		{5FBAD433-E46A-4663-88EB-D85120169036}.Final FR|x86.ActiveCfg = Final|Win32
		{5FBAD433-E46A-4663-88EB-D85120169036}.Final FR|x86.Build.0 = Final|Win32
		{5FBAD433-E46A-4663-88EB-D85120169036}.Final IT|x86.ActiveCfg = Final|Win32
		{5FBAD433-E46A-4663-88EB-D85120169036}.Final IT|x86.Build.0 = Final|Win32
		{5FBAD433-E46A-4663-88EB-D85120169036}.Final MFC DLL|x86.ActiveCfg = Final|Win32
		{5FBAD433-E46A-4663-88EB-D85120169036}.Final MFC DLL|x86.Build.0 = Final|Win32
		{5FBAD433-E46A-4663-88EB-D85120169036}.Final|x86.ActiveCfg = Final|Win32
		{5FBAD433-E46A-4663-88EB-D85120169036}.Final|x86.Build.0 = Final|Win32
		{5FBAD433-E46A-4663-88EB-D85120169036}.Release MFC DLL|x86.ActiveCfg = Release|Win32
		{5FBAD433-E46A-4663-88EB-D85120169036}.Release MFC DLL|x86.Build.0 = Release|Win32
		{5FBAD433-E46A-4663-88EB-D85120169036}.Release|x86.ActiveCfg = Release|Win32
		{5FBAD433-E46A-4663-88EB-D85120169036}.Release|x86.Build.0 = Release|Win32
		{5FBAD433-E46A-4663-88EB-D85120169036}.Template|x86.ActiveCfg = Template|Win32
		{5FBAD433-E46A-4663-88EB-D85120169036}.Template|x86.Build.0 = Template|Win32
		{F7B134DF-6619-4D1F-9615-90A17C280049}.Debug MFC DLL|x86.ActiveCfg = Debug|Win32
		{F7B134DF-6619-4D1F-9615-90A17C280049}.Debug MFC DLL|x86.Build.0 = Debug|Win32
		{F7B134DF-6619-4D1F-9615-90A17C280049}.Debug|x86.ActiveCfg = Debug|Win32
		{F7B134DF-6619-4D1F-9615-90A17C280049}.Debug|x86.Build.0 = Debug|Win32
		{F7B134DF-6619-4D1F-9615-90A17C280049}.Final DE|x86.ActiveCfg = Final DE|Win32
		{F7B134DF-6619-4D1F-9615-90A17C280049}.Final DE|x86.Build.0 = Final DE|Win32
		{F7B134DF-6619-4D1F-9615-90A17C280049}.Final ES|x86.ActiveCfg = Final ES|Win32
		{F7B134DF-6619-4D1F-9615-90A17C280049}.Final ES|x86.Build.0 = Final ES|Win32
		{F7B134DF-6619-4D1F-9615-90A17C280049}.Final FR|x86.ActiveCfg = Final FR|Win32
		{F7B134DF-6619-4D1F-9615-90A17C280049}.Final FR|x86.Build.0 = Final FR|Win32
		{F7B134DF-6619-4D1F-9615-90A17C280049}.Final IT|x86.ActiveCfg = Final IT|Win32
		{F7B134DF-6619-4D1F-9615-90A17C280049}.Final IT|x86.Build.0 = Final IT|Win32
		{F7B134DF-6619-4D1F-9615-90A17C280049}.Final MFC DLL|x86.ActiveCfg = Final ES|Win32
		{F7B134DF-6619-4D1F-9615-90A17C280049}.Final MFC DLL|x86.Build.0 = Final ES|Win32
		{F7B134DF-6619-4D1F-9615-90A17C280049}.Final|x86.ActiveCfg = Final|Win32
		{F7B134DF-6619-4D1F-9615-90A17C280049}.Final|x86.Build.0 = Final|Win32
		{F7B134DF-6619-4D1F-9615-90A17C280049}.Release MFC DLL|x86.ActiveCfg = Release|Win32
		{F7B134DF-6619-4D1F-9615-90A17C280049}.Release MFC DLL|x86.Build.0 = Release|Win32
		{F7B134DF-6619-4D1F-9615-90A17C280049}.Release|x86.ActiveCfg = Release|Win32
		{F7B134DF-6619-4D1F-9615-90A17C280049}.Release|x86.Build.0 = Release|Win32
		{F7B134DF-6619-4D1F-9615-90A17C280049}.Template|x86.ActiveCfg = Template|Win32
		{F7B134DF-6619-4D1F-9615-90A17C280049}.Template|x86.Build.0 = Template|Win32
	EndGlobalSection
	GlobalSection(SolutionProperties) = preSolution
		HideSolutionNode = FALSE
	EndGlobalSection
	GlobalSection(ExtensibilityGlobals) = postSolution
		SolutionGuid = {D148D08C-F4EE-4330-B5B0-E652DA133A1F}
	EndGlobalSection
EndGlobal
