<?xml version="1.0" encoding="utf-8"?>
<Project ToolsVersion="4.0" xmlns="http://schemas.microsoft.com/developer/msbuild/2003">
  <ItemGroup>
    <Filter Include="Source Files">
      <UniqueIdentifier>{0dd544b0-55dc-4edc-9aa4-3ad9b5cefdc5}</UniqueIdentifier>
      <Extensions>.cpp</Extensions>
    </Filter>
    <Filter Include="Header Files">
      <UniqueIdentifier>{392636ac-15b5-45bb-9169-a4f4dd5c95b8}</UniqueIdentifier>
      <Extensions>.h</Extensions>
    </Filter>
  </ItemGroup>
  <ItemGroup>
    <ClCompile Include="ARange.cpp">
      <Filter>Source Files</Filter>
    </ClCompile>
    <ClCompile Include="AVector.cpp">
      <Filter>Source Files</Filter>
    </ClCompile>
    <ClCompile Include="ButeMgr.cpp">
      <Filter>Source Files</Filter>
    </ClCompile>
    <ClCompile Include="Stdafx.cpp">
      <Filter>Source Files</Filter>
    </ClCompile>
  </ItemGroup>
  <ItemGroup>
    <ClInclude Include="ARange.h">
      <Filter>Header Files</Filter>
    </ClInclude>
    <ClInclude Include="AVector.h">
      <Filter>Header Files</Filter>
    </ClInclude>
    <ClInclude Include="ButeMgr.h">
      <Filter>Header Files</Filter>
    </ClInclude>
    <ClInclude Include="Stdafx.h">
      <Filter>Header Files</Filter>
    </ClInclude>
  </ItemGroup>
  <ItemGroup>
    <CustomBuild Include="ButeMgr.sca" />
  </ItemGroup>
</Project>